
Microsoft Visual Studio Solution File, Format Version 12.00
# Visual Studio Version 17
VisualStudioVersion = 17.7.34018.315
MinimumVisualStudioVersion = 10.0.40219.1
Project("{FAE04EC0-301F-11D3-BF4B-00C04F79EFBC}") = "Lab4", "Lab4\Lab4.csproj", "{187E5A82-5985-46A1-9DAF-E57E1C032B44}"
EndProject
Global
	GlobalSection(SolutionConfigurationPlatforms) = preSolution
		Debug|Any CPU = Debug|Any CPU
		Release|Any CPU = Release|Any CPU
	EndGlobalSection
	GlobalSection(ProjectConfigurationPlatforms) = postSolution
		{187E5A82-5985-46A1-9DAF-E57E1C032B44}.Debug|Any CPU.ActiveCfg = Debug|Any CPU
		{187E5A82-5985-46A1-9DAF-E57E1C032B44}.Debug|Any CPU.Build.0 = Debug|Any CPU
		{187E5A82-5985-46A1-9DAF-E57E1C032B44}.Release|Any CPU.ActiveCfg = Release|Any CPU
		{187E5A82-5985-46A1-9DAF-E57E1C032B44}.Release|Any CPU.Build.0 = Release|Any CPU
	EndGlobalSection
	GlobalSection(SolutionProperties) = preSolution
		HideSolutionNode = FALSE
	EndGlobalSection
	GlobalSection(ExtensibilityGlobals) = postSolution
		SolutionGuid = {2BEA37FF-1702-40ED-8B88-CFC4FBBBC97E}
	EndGlobalSection
EndGlobal
